{
  "version": 4,
  "terraform_version": "1.5.6",
  "serial": 1,
  "lineage": "7929bbb2-8614-4d03-3929-9a6030c19cb6",
  "outputs": {},
  "resources": [
    {
      "mode": "managed",
      "type": "local_file",
      "name": "abc",
      "provider": "provider[\"registry.terraform.io/hashicorp/local\"]",
      "instances": [
        {
          "schema_version": 0,
          "attributes": {
            "content": "deleted tfstate and tfplan files",
            "content_base64": null,
            "content_base64sha256": "1PuirWn2eXg5G+hB/gAFFth+MeRZUlXEvOAu/VdGR08=",
            "content_base64sha512": "YfOskhNPkZs2LFGi9bTKSob+IFQROB1OXDDrJrnbXCYBC1M+1FAf0PVtiCX6Hx7X+vWeY1tYuwob07di/nUX2Q==",
            "content_md5": "6f7fab16f2170787ff9154c26c65b013",
            "content_sha1": "5e6aa8e1bd7a2f5448d86572042a99a7f622a197",
            "content_sha256": "d4fba2ad69f67978391be841fe000516d87e31e4595255c4bce02efd5746474f",
            "content_sha512": "61f3ac92134f919b362c51a2f5b4ca4a86fe205411381d4e5c30eb26b9db5c26010b533ed4501fd0f56d8825fa1f1ed7faf59e635b58bb0a1bd3b762fe7517d9",
            "directory_permission": "0777",
            "file_permission": "0777",
            "filename": "./abc.txt",
            "id": "5e6aa8e1bd7a2f5448d86572042a99a7f622a197",
            "sensitive_content": null,
            "source": null
          },
          "sensitive_attributes": []
        }
      ]
    }
  ],
  "check_results": null
}
