{
  "version": 4,
  "terraform_version": "1.5.6",
  "serial": 7,
  "lineage": "8ed3bdc9-644c-b65c-1e29-c7576d8c1d30",
  "outputs": {},
  "resources": [
    {
      "mode": "managed",
      "type": "local_file",
      "name": "abc",
      "provider": "provider[\"registry.terraform.io/hashicorp/local\"]",
      "instances": [
        {
          "schema_version": 0,
          "attributes": {
            "content": "making tfplan",
            "content_base64": null,
            "content_base64sha256": "wvGChikshj+N7JkuTxkV+fGLzZZqjzZSu/zRLyXDAHE=",
            "content_base64sha512": "NCy7CksWHmO28wTZY0N0UFUwxmits31Agyp6Sh8kLZQ5XLX3M+eqU7OqrgOD0nAL07HiKEnyrd3em6/IX4ECvQ==",
            "content_md5": "4a4980a02c8bf8807d749f989e3c4b29",
            "content_sha1": "98ce3ff735f55b0b0dc8fdb7ca7ea016d43204de",
            "content_sha256": "c2f18286292c863f8dec992e4f1915f9f18bcd966a8f3652bbfcd12f25c30071",
            "content_sha512": "342cbb0a4b161e63b6f304d9634374505530c668adb37d40832a7a4a1f242d94395cb5f733e7aa53b3aaae0383d2700bd3b1e22849f2adddde9bafc85f8102bd",
            "directory_permission": "0777",
            "file_permission": "0777",
            "filename": "./abc.txt",
            "id": "98ce3ff735f55b0b0dc8fdb7ca7ea016d43204de",
            "sensitive_content": null,
            "source": null
          },
          "sensitive_attributes": []
        }
      ]
    }
  ],
  "check_results": null
}
