{
  "version": 4,
  "terraform_version": "1.5.6",
  "serial": 4,
  "lineage": "8ed3bdc9-644c-b65c-1e29-c7576d8c1d30",
  "outputs": {},
  "resources": [
    {
      "mode": "managed",
      "type": "local_file",
      "name": "abc",
      "provider": "provider[\"registry.terraform.io/hashicorp/local\"]",
      "instances": [
        {
          "schema_version": 0,
          "attributes": {
            "content": "Thank you, JK!",
            "content_base64": null,
            "content_base64sha256": "81LcPSBG26KLpF1ifrNpr/juqT9yCKOPEaut4goQq6g=",
            "content_base64sha512": "FlH7Zpq+P221K5Mee6+h1G4hA3mep2i1R0aWCYVacOByNyIh/+2lPpDBXafrGbOyRUXmiEbz5+R5m6xhHFcEQw==",
            "content_md5": "35824d5d5f63d3ea638aedea605b8053",
            "content_sha1": "60891ce153502bc035a2eb69f65882c722eda41e",
            "content_sha256": "f352dc3d2046dba28ba45d627eb369aff8eea93f7208a38f11abade20a10aba8",
            "content_sha512": "1651fb669abe3f6db52b931e7bafa1d46e2103799ea768b547469609855a70e072372221ffeda53e90c15da7eb19b3b24545e68846f3e7e4799bac611c570443",
            "directory_permission": "0777",
            "file_permission": "0777",
            "filename": "./abc.txt",
            "id": "60891ce153502bc035a2eb69f65882c722eda41e",
            "sensitive_content": null,
            "source": null
          },
          "sensitive_attributes": []
        }
      ]
    }
  ],
  "check_results": null
}
